
Microsoft Visual Studio Solution File, Format Version 12.00
# Visual Studio Version 16
VisualStudioVersion = 16.0.30320.27
MinimumVisualStudioVersion = 10.0.40219.1
Project("{FAE04EC0-301F-11D3-BF4B-00C04F79EFBC}") = "jogo_do_galo_v1", "jogo_do_galo_v1\jogo_do_galo_v1.csproj", "{8249EFED-E840-43BE-87B7-51D66F4C614A}"
EndProject
Global
	GlobalSection(SolutionConfigurationPlatforms) = preSolution
		Debug|Any CPU = Debug|Any CPU
		Release|Any CPU = Release|Any CPU
	EndGlobalSection
	GlobalSection(ProjectConfigurationPlatforms) = postSolution
		{8249EFED-E840-43BE-87B7-51D66F4C614A}.Debug|Any CPU.ActiveCfg = Debug|Any CPU
		{8249EFED-E840-43BE-87B7-51D66F4C614A}.Debug|Any CPU.Build.0 = Debug|Any CPU
		{8249EFED-E840-43BE-87B7-51D66F4C614A}.Release|Any CPU.ActiveCfg = Release|Any CPU
		{8249EFED-E840-43BE-87B7-51D66F4C614A}.Release|Any CPU.Build.0 = Release|Any CPU
	EndGlobalSection
	GlobalSection(SolutionProperties) = preSolution
		HideSolutionNode = FALSE
	EndGlobalSection
	GlobalSection(ExtensibilityGlobals) = postSolution
		SolutionGuid = {372667DA-72DA-46D6-A150-68C2D50B16D7}
	EndGlobalSection
EndGlobal
